
Microsoft Visual Studio Solution File, Format Version 12.00
# Visual Studio Version 16
VisualStudioVersion = 16.0.810.20
MinimumVisualStudioVersion = 10.0.40219.1
Project("{FAE04EC0-301F-11D3-BF4B-00C04F79EFBC}") = "SquidGame", "SquidGame\SquidGame.csproj", "{0A75DDAE-DD31-4389-B162-30C8DF5318D0}"
EndProject
Global
	GlobalSection(SolutionConfigurationPlatforms) = preSolution
		Debug|Any CPU = Debug|Any CPU
		Release|Any CPU = Release|Any CPU
	EndGlobalSection
	GlobalSection(ProjectConfigurationPlatforms) = postSolution
		{0A75DDAE-DD31-4389-B162-30C8DF5318D0}.Debug|Any CPU.ActiveCfg = Debug|Any CPU
		{0A75DDAE-DD31-4389-B162-30C8DF5318D0}.Debug|Any CPU.Build.0 = Debug|Any CPU
		{0A75DDAE-DD31-4389-B162-30C8DF5318D0}.Release|Any CPU.ActiveCfg = Release|Any CPU
		{0A75DDAE-DD31-4389-B162-30C8DF5318D0}.Release|Any CPU.Build.0 = Release|Any CPU
	EndGlobalSection
	GlobalSection(SolutionProperties) = preSolution
		HideSolutionNode = FALSE
	EndGlobalSection
	GlobalSection(ExtensibilityGlobals) = postSolution
		SolutionGuid = {8D7E47A3-0B9D-4D0D-A17B-BA7F8B97264D}
	EndGlobalSection
EndGlobal
